
Microsoft Visual Studio Solution File, Format Version 11.00
# Visual Studio 2010
Project("{FAE04EC0-301F-11D3-BF4B-00C04F79EFBC}") = "Spaceman", "Assembly-CSharp-firstpass.csproj", "{DEE2814E-8A3A-BB41-14D2-16B0427C441B}"
EndProject
Project("{FAE04EC0-301F-11D3-BF4B-00C04F79EFBC}") = "Spaceman", "Assembly-CSharp.csproj", "{8D0C7575-4845-0636-B558-879AAEB98F18}"
EndProject
Project("{FAE04EC0-301F-11D3-BF4B-00C04F79EFBC}") = "Spaceman", "Assembly-CSharp-Editor-firstpass.csproj", "{9604DD6F-26A0-7383-3C6A-46598B462E11}"
EndProject
Global
	GlobalSection(SolutionConfigurationPlatforms) = preSolution
		Debug|Any CPU = Debug|Any CPU
		Release|Any CPU = Release|Any CPU
	EndGlobalSection
	GlobalSection(ProjectConfigurationPlatforms) = postSolution
		{DEE2814E-8A3A-BB41-14D2-16B0427C441B}.Debug|Any CPU.ActiveCfg = Debug|Any CPU
		{DEE2814E-8A3A-BB41-14D2-16B0427C441B}.Debug|Any CPU.Build.0 = Debug|Any CPU
		{DEE2814E-8A3A-BB41-14D2-16B0427C441B}.Release|Any CPU.ActiveCfg = Release|Any CPU
		{DEE2814E-8A3A-BB41-14D2-16B0427C441B}.Release|Any CPU.Build.0 = Release|Any CPU
		{8D0C7575-4845-0636-B558-879AAEB98F18}.Debug|Any CPU.ActiveCfg = Debug|Any CPU
		{8D0C7575-4845-0636-B558-879AAEB98F18}.Debug|Any CPU.Build.0 = Debug|Any CPU
		{8D0C7575-4845-0636-B558-879AAEB98F18}.Release|Any CPU.ActiveCfg = Release|Any CPU
		{8D0C7575-4845-0636-B558-879AAEB98F18}.Release|Any CPU.Build.0 = Release|Any CPU
		{9604DD6F-26A0-7383-3C6A-46598B462E11}.Debug|Any CPU.ActiveCfg = Debug|Any CPU
		{9604DD6F-26A0-7383-3C6A-46598B462E11}.Debug|Any CPU.Build.0 = Debug|Any CPU
		{9604DD6F-26A0-7383-3C6A-46598B462E11}.Release|Any CPU.ActiveCfg = Release|Any CPU
		{9604DD6F-26A0-7383-3C6A-46598B462E11}.Release|Any CPU.Build.0 = Release|Any CPU
	EndGlobalSection
	GlobalSection(SolutionProperties) = preSolution
		HideSolutionNode = FALSE
	EndGlobalSection
	GlobalSection(MonoDevelopProperties) = preSolution
		StartupItem = Assembly-CSharp.csproj
	EndGlobalSection
EndGlobal
